[root]
name = "zombieland"
version = "0.3.1"
dependencies = [
 "libc 0.2.19 (git+https://github.com/rust-lang/libc)",
 "nix 0.8.0 (git+https://github.com/nix-rust/nix)",
 "syscall 0.2.1 (registry+https://github.com/rust-lang/crates.io-index)",
]

[[package]]
name = "bitflags"
version = "0.4.0"
source = "registry+https://github.com/rust-lang/crates.io-index"

[[package]]
name = "cfg-if"
version = "0.1.0"
source = "registry+https://github.com/rust-lang/crates.io-index"

[[package]]
name = "libc"
version = "0.2.19"
source = "git+https://github.com/rust-lang/libc#4fe2cc22e716c7c91d341e6e538de6c09d4838e1"

[[package]]
name = "nix"
version = "0.8.0"
source = "git+https://github.com/nix-rust/nix#9b81000bdaa1636017f88609337c972a04effad8"
dependencies = [
 "bitflags 0.4.0 (registry+https://github.com/rust-lang/crates.io-index)",
 "cfg-if 0.1.0 (registry+https://github.com/rust-lang/crates.io-index)",
 "libc 0.2.19 (git+https://github.com/rust-lang/libc)",
 "void 1.0.2 (registry+https://github.com/rust-lang/crates.io-index)",
]

[[package]]
name = "syscall"
version = "0.2.1"
source = "registry+https://github.com/rust-lang/crates.io-index"

[[package]]
name = "void"
version = "1.0.2"
source = "registry+https://github.com/rust-lang/crates.io-index"

[metadata]
"checksum bitflags 0.4.0 (registry+https://github.com/rust-lang/crates.io-index)" = "8dead7461c1127cf637931a1e50934eb6eee8bff2f74433ac7909e9afcee04a3"
"checksum cfg-if 0.1.0 (registry+https://github.com/rust-lang/crates.io-index)" = "de1e760d7b6535af4241fca8bd8adf68e2e7edacc6b29f5d399050c5e48cf88c"
"checksum libc 0.2.19 (git+https://github.com/rust-lang/libc)" = "<none>"
"checksum nix 0.8.0 (git+https://github.com/nix-rust/nix)" = "<none>"
"checksum syscall 0.2.1 (registry+https://github.com/rust-lang/crates.io-index)" = "dae2c4de039bf338dd96f46621f20222c4101045dac5403b46f472608cb5b556"
"checksum void 1.0.2 (registry+https://github.com/rust-lang/crates.io-index)" = "6a02e4885ed3bc0f2de90ea6dd45ebcbb66dacffe03547fadbb0eeae2770887d"
